
Microsoft Visual Studio Solution File, Format Version 10.00
# Visual C# Express 2008
Project("{FAE04EC0-301F-11D3-BF4B-00C04F79EFBC}") = "Sift", "Sift.csproj", "{B727A3C4-2523-4721-9B9D-81559BF41F6F}"
EndProject
Project("{FAE04EC0-301F-11D3-BF4B-00C04F79EFBC}") = "SiftResources", "..\resources\SiftResources.csproj", "{57D7CF5C-3F4B-4591-A4A9-A0DA06A27F0A}"
EndProject
Global
	GlobalSection(SolutionConfigurationPlatforms) = preSolution
		Debug|Any CPU = Debug|Any CPU
		Release|Any CPU = Release|Any CPU
	EndGlobalSection
	GlobalSection(ProjectConfigurationPlatforms) = postSolution
		{B727A3C4-2523-4721-9B9D-81559BF41F6F}.Debug|Any CPU.ActiveCfg = Debug|Any CPU
		{B727A3C4-2523-4721-9B9D-81559BF41F6F}.Debug|Any CPU.Build.0 = Debug|Any CPU
		{B727A3C4-2523-4721-9B9D-81559BF41F6F}.Release|Any CPU.ActiveCfg = Release|Any CPU
		{B727A3C4-2523-4721-9B9D-81559BF41F6F}.Release|Any CPU.Build.0 = Release|Any CPU
		{57D7CF5C-3F4B-4591-A4A9-A0DA06A27F0A}.Debug|Any CPU.ActiveCfg = Debug|Any CPU
		{57D7CF5C-3F4B-4591-A4A9-A0DA06A27F0A}.Debug|Any CPU.Build.0 = Debug|Any CPU
		{57D7CF5C-3F4B-4591-A4A9-A0DA06A27F0A}.Release|Any CPU.ActiveCfg = Release|Any CPU
		{57D7CF5C-3F4B-4591-A4A9-A0DA06A27F0A}.Release|Any CPU.Build.0 = Release|Any CPU
	EndGlobalSection
	GlobalSection(SolutionProperties) = preSolution
		HideSolutionNode = FALSE
	EndGlobalSection
EndGlobal
