
Microsoft Visual Studio Solution File, Format Version 10.00
# Visual C# Express 2008
Project("{FAE04EC0-301F-11D3-BF4B-00C04F79EFBC}") = "SiftService", "SiftService.csproj", "{174755A5-87E6-4282-9765-96169820F629}"
EndProject
Project("{FAE04EC0-301F-11D3-BF4B-00C04F79EFBC}") = "SiftResources", "..\resources\SiftResources.csproj", "{57D7CF5C-3F4B-4591-A4A9-A0DA06A27F0A}"
EndProject
Global
	GlobalSection(SolutionConfigurationPlatforms) = preSolution
		Debug|Any CPU = Debug|Any CPU
		Release|Any CPU = Release|Any CPU
	EndGlobalSection
	GlobalSection(ProjectConfigurationPlatforms) = postSolution
		{174755A5-87E6-4282-9765-96169820F629}.Debug|Any CPU.ActiveCfg = Debug|Any CPU
		{174755A5-87E6-4282-9765-96169820F629}.Debug|Any CPU.Build.0 = Debug|Any CPU
		{174755A5-87E6-4282-9765-96169820F629}.Release|Any CPU.ActiveCfg = Release|Any CPU
		{174755A5-87E6-4282-9765-96169820F629}.Release|Any CPU.Build.0 = Release|Any CPU
		{57D7CF5C-3F4B-4591-A4A9-A0DA06A27F0A}.Debug|Any CPU.ActiveCfg = Debug|Any CPU
		{57D7CF5C-3F4B-4591-A4A9-A0DA06A27F0A}.Debug|Any CPU.Build.0 = Debug|Any CPU
		{57D7CF5C-3F4B-4591-A4A9-A0DA06A27F0A}.Release|Any CPU.ActiveCfg = Release|Any CPU
		{57D7CF5C-3F4B-4591-A4A9-A0DA06A27F0A}.Release|Any CPU.Build.0 = Release|Any CPU
	EndGlobalSection
	GlobalSection(SolutionProperties) = preSolution
		HideSolutionNode = FALSE
	EndGlobalSection
EndGlobal
